
Microsoft Visual Studio Solution File, Format Version 12.00
# Visual Studio Version 17
VisualStudioVersion = 17.4.33213.308
MinimumVisualStudioVersion = 10.0.40219.1
Project("{FAE04EC0-301F-11D3-BF4B-00C04F79EFBC}") = "Tests", "Tests.csproj", "{38A786CF-4EFC-49CF-B67B-BFB0C3A1237E}"
EndProject
Global
	GlobalSection(SolutionConfigurationPlatforms) = preSolution
		Debug|Any CPU = Debug|Any CPU
		Release|Any CPU = Release|Any CPU
	EndGlobalSection
	GlobalSection(ProjectConfigurationPlatforms) = postSolution
		{38A786CF-4EFC-49CF-B67B-BFB0C3A1237E}.Debug|Any CPU.ActiveCfg = Debug|Any CPU
		{38A786CF-4EFC-49CF-B67B-BFB0C3A1237E}.Debug|Any CPU.Build.0 = Debug|Any CPU
		{38A786CF-4EFC-49CF-B67B-BFB0C3A1237E}.Release|Any CPU.ActiveCfg = Release|Any CPU
		{38A786CF-4EFC-49CF-B67B-BFB0C3A1237E}.Release|Any CPU.Build.0 = Release|Any CPU
	EndGlobalSection
	GlobalSection(SolutionProperties) = preSolution
		HideSolutionNode = FALSE
	EndGlobalSection
	GlobalSection(ExtensibilityGlobals) = postSolution
		SolutionGuid = {6977A1A0-A115-4FC0-98DC-0A98EC88723D}
	EndGlobalSection
EndGlobal
